
Microsoft Visual Studio Solution File, Format Version 12.00
# Visual Studio Version 17
VisualStudioVersion = 17.9.34728.123
MinimumVisualStudioVersion = 10.0.40219.1
Project("{9A19103F-16F7-4668-BE54-9A1E7A4F7556}") = "BookSystem", "BookSystem\BookSystem.csproj", "{8B58FC87-404C-44C2-9741-CB0876EC08F5}"
EndProject
Project("{9A19103F-16F7-4668-BE54-9A1E7A4F7556}") = "BooksUnitTestEx1", "BooksUnitTestEx1\BooksUnitTestEx1.csproj", "{956B5F04-A581-4D95-9CDD-7968D3D778A6}"
EndProject
Global
	GlobalSection(SolutionConfigurationPlatforms) = preSolution
		Debug|Any CPU = Debug|Any CPU
		Release|Any CPU = Release|Any CPU
	EndGlobalSection
	GlobalSection(ProjectConfigurationPlatforms) = postSolution
		{8B58FC87-404C-44C2-9741-CB0876EC08F5}.Debug|Any CPU.ActiveCfg = Debug|Any CPU
		{8B58FC87-404C-44C2-9741-CB0876EC08F5}.Debug|Any CPU.Build.0 = Debug|Any CPU
		{8B58FC87-404C-44C2-9741-CB0876EC08F5}.Release|Any CPU.ActiveCfg = Release|Any CPU
		{8B58FC87-404C-44C2-9741-CB0876EC08F5}.Release|Any CPU.Build.0 = Release|Any CPU
		{956B5F04-A581-4D95-9CDD-7968D3D778A6}.Debug|Any CPU.ActiveCfg = Debug|Any CPU
		{956B5F04-A581-4D95-9CDD-7968D3D778A6}.Debug|Any CPU.Build.0 = Debug|Any CPU
		{956B5F04-A581-4D95-9CDD-7968D3D778A6}.Release|Any CPU.ActiveCfg = Release|Any CPU
		{956B5F04-A581-4D95-9CDD-7968D3D778A6}.Release|Any CPU.Build.0 = Release|Any CPU
	EndGlobalSection
	GlobalSection(SolutionProperties) = preSolution
		HideSolutionNode = FALSE
	EndGlobalSection
	GlobalSection(ExtensibilityGlobals) = postSolution
		SolutionGuid = {87D77626-A9DC-4D45-A419-8BCE0B13A55A}
	EndGlobalSection
EndGlobal
