
Microsoft Visual Studio Solution File, Format Version 12.00
# Visual Studio Version 17
VisualStudioVersion = 17.9.34728.123
MinimumVisualStudioVersion = 10.0.40219.1
Project("{9A19103F-16F7-4668-BE54-9A1E7A4F7556}") = "BookWebApp", "BookWebApp\BookWebApp.csproj", "{9A96ACE4-5510-4D77-9025-123C11F0A30B}"
EndProject
Project("{9A19103F-16F7-4668-BE54-9A1E7A4F7556}") = "BookSystem", "BookSystem\BookSystem.csproj", "{41EBFBB3-79B0-4F36-A863-50D55005CEC4}"
EndProject
Global
	GlobalSection(SolutionConfigurationPlatforms) = preSolution
		Debug|Any CPU = Debug|Any CPU
		Release|Any CPU = Release|Any CPU
	EndGlobalSection
	GlobalSection(ProjectConfigurationPlatforms) = postSolution
		{9A96ACE4-5510-4D77-9025-123C11F0A30B}.Debug|Any CPU.ActiveCfg = Debug|Any CPU
		{9A96ACE4-5510-4D77-9025-123C11F0A30B}.Debug|Any CPU.Build.0 = Debug|Any CPU
		{9A96ACE4-5510-4D77-9025-123C11F0A30B}.Release|Any CPU.ActiveCfg = Release|Any CPU
		{9A96ACE4-5510-4D77-9025-123C11F0A30B}.Release|Any CPU.Build.0 = Release|Any CPU
		{41EBFBB3-79B0-4F36-A863-50D55005CEC4}.Debug|Any CPU.ActiveCfg = Debug|Any CPU
		{41EBFBB3-79B0-4F36-A863-50D55005CEC4}.Debug|Any CPU.Build.0 = Debug|Any CPU
		{41EBFBB3-79B0-4F36-A863-50D55005CEC4}.Release|Any CPU.ActiveCfg = Release|Any CPU
		{41EBFBB3-79B0-4F36-A863-50D55005CEC4}.Release|Any CPU.Build.0 = Release|Any CPU
	EndGlobalSection
	GlobalSection(SolutionProperties) = preSolution
		HideSolutionNode = FALSE
	EndGlobalSection
	GlobalSection(ExtensibilityGlobals) = postSolution
		SolutionGuid = {2625869E-C554-4905-9342-D5ECC61E2ABD}
	EndGlobalSection
EndGlobal
